
Microsoft Visual Studio Solution File, Format Version 12.00
# Visual Studio Version 17
VisualStudioVersion = 17.12.35514.174 d17.12
MinimumVisualStudioVersion = 10.0.40219.1
Project("{FAE04EC0-301F-11D3-BF4B-00C04F79EFBC}") = "Questions.Domain", "src\Questions.Domain\Questions.Domain.csproj", "{BE17D4A5-CA65-48F1-B85B-6FD0386A24D9}"
EndProject
Project("{2150E333-8FDC-42A3-9474-1A3956D46DE8}") = "src", "src", "{B5A19EAD-2441-4094-AD49-2DCE786B9350}"
EndProject
Global
	GlobalSection(SolutionConfigurationPlatforms) = preSolution
		Debug|Any CPU = Debug|Any CPU
		Release|Any CPU = Release|Any CPU
	EndGlobalSection
	GlobalSection(ProjectConfigurationPlatforms) = postSolution
		{BE17D4A5-CA65-48F1-B85B-6FD0386A24D9}.Debug|Any CPU.ActiveCfg = Debug|Any CPU
		{BE17D4A5-CA65-48F1-B85B-6FD0386A24D9}.Debug|Any CPU.Build.0 = Debug|Any CPU
		{BE17D4A5-CA65-48F1-B85B-6FD0386A24D9}.Release|Any CPU.ActiveCfg = Release|Any CPU
		{BE17D4A5-CA65-48F1-B85B-6FD0386A24D9}.Release|Any CPU.Build.0 = Release|Any CPU
	EndGlobalSection
	GlobalSection(SolutionProperties) = preSolution
		HideSolutionNode = FALSE
	EndGlobalSection
	GlobalSection(NestedProjects) = preSolution
		{BE17D4A5-CA65-48F1-B85B-6FD0386A24D9} = {B5A19EAD-2441-4094-AD49-2DCE786B9350}
	EndGlobalSection
EndGlobal
