
Microsoft Visual Studio Solution File, Format Version 12.00
# Visual Studio Version 17
VisualStudioVersion = 17.12.35514.174
MinimumVisualStudioVersion = 10.0.40219.1
Project("{FAE04EC0-301F-11D3-BF4B-00C04F79EFBC}") = "Questions.Domain", "src\Questions.Domain\Questions.Domain.csproj", "{BE17D4A5-CA65-48F1-B85B-6FD0386A24D9}"
EndProject
Project("{2150E333-8FDC-42A3-9474-1A3956D46DE8}") = "src", "src", "{B5A19EAD-2441-4094-AD49-2DCE786B9350}"
EndProject
Project("{2150E333-8FDC-42A3-9474-1A3956D46DE8}") = "Solution Items", "Solution Items", "{86F939C5-2A54-4462-9180-2F37C76188DE}"
	ProjectSection(SolutionItems) = preProject
		.editorconfig = .editorconfig
		Directory.Build.props = Directory.Build.props
	EndProjectSection
EndProject
Project("{FAE04EC0-301F-11D3-BF4B-00C04F79EFBC}") = "Questions.Web", "src\Questions.Web\Questions.Web.csproj", "{9A36F44C-D524-4C2B-96CD-815AE8023C96}"
EndProject
Project("{FAE04EC0-301F-11D3-BF4B-00C04F79EFBC}") = "Questions.Presenters", "src\Questions.Presenters\Questions.Presenters.csproj", "{90B6EEB5-E7BB-4B1B-BE4F-A0A3B4125FEB}"
EndProject
Project("{FAE04EC0-301F-11D3-BF4B-00C04F79EFBC}") = "Questions.Contracts", "src\Questions.Contracts\Questions.Contracts.csproj", "{1B532616-2051-4FB5-B44C-BCCD0C6D776F}"
EndProject
Project("{FAE04EC0-301F-11D3-BF4B-00C04F79EFBC}") = "Questions.Application", "src\Questions.Application\Questions.Application.csproj", "{9FCEEA90-0B8F-4E78-8A9C-41FD08863F20}"
EndProject
Global
	GlobalSection(SolutionConfigurationPlatforms) = preSolution
		Debug|Any CPU = Debug|Any CPU
		Release|Any CPU = Release|Any CPU
	EndGlobalSection
	GlobalSection(ProjectConfigurationPlatforms) = postSolution
		{BE17D4A5-CA65-48F1-B85B-6FD0386A24D9}.Debug|Any CPU.ActiveCfg = Debug|Any CPU
		{BE17D4A5-CA65-48F1-B85B-6FD0386A24D9}.Debug|Any CPU.Build.0 = Debug|Any CPU
		{BE17D4A5-CA65-48F1-B85B-6FD0386A24D9}.Release|Any CPU.ActiveCfg = Release|Any CPU
		{BE17D4A5-CA65-48F1-B85B-6FD0386A24D9}.Release|Any CPU.Build.0 = Release|Any CPU
		{9A36F44C-D524-4C2B-96CD-815AE8023C96}.Debug|Any CPU.ActiveCfg = Debug|Any CPU
		{9A36F44C-D524-4C2B-96CD-815AE8023C96}.Debug|Any CPU.Build.0 = Debug|Any CPU
		{9A36F44C-D524-4C2B-96CD-815AE8023C96}.Release|Any CPU.ActiveCfg = Release|Any CPU
		{9A36F44C-D524-4C2B-96CD-815AE8023C96}.Release|Any CPU.Build.0 = Release|Any CPU
		{90B6EEB5-E7BB-4B1B-BE4F-A0A3B4125FEB}.Debug|Any CPU.ActiveCfg = Debug|Any CPU
		{90B6EEB5-E7BB-4B1B-BE4F-A0A3B4125FEB}.Debug|Any CPU.Build.0 = Debug|Any CPU
		{90B6EEB5-E7BB-4B1B-BE4F-A0A3B4125FEB}.Release|Any CPU.ActiveCfg = Release|Any CPU
		{90B6EEB5-E7BB-4B1B-BE4F-A0A3B4125FEB}.Release|Any CPU.Build.0 = Release|Any CPU
		{1B532616-2051-4FB5-B44C-BCCD0C6D776F}.Debug|Any CPU.ActiveCfg = Debug|Any CPU
		{1B532616-2051-4FB5-B44C-BCCD0C6D776F}.Debug|Any CPU.Build.0 = Debug|Any CPU
		{1B532616-2051-4FB5-B44C-BCCD0C6D776F}.Release|Any CPU.ActiveCfg = Release|Any CPU
		{1B532616-2051-4FB5-B44C-BCCD0C6D776F}.Release|Any CPU.Build.0 = Release|Any CPU
		{9FCEEA90-0B8F-4E78-8A9C-41FD08863F20}.Debug|Any CPU.ActiveCfg = Debug|Any CPU
		{9FCEEA90-0B8F-4E78-8A9C-41FD08863F20}.Debug|Any CPU.Build.0 = Debug|Any CPU
		{9FCEEA90-0B8F-4E78-8A9C-41FD08863F20}.Release|Any CPU.ActiveCfg = Release|Any CPU
		{9FCEEA90-0B8F-4E78-8A9C-41FD08863F20}.Release|Any CPU.Build.0 = Release|Any CPU
	EndGlobalSection
	GlobalSection(SolutionProperties) = preSolution
		HideSolutionNode = FALSE
	EndGlobalSection
	GlobalSection(NestedProjects) = preSolution
		{BE17D4A5-CA65-48F1-B85B-6FD0386A24D9} = {B5A19EAD-2441-4094-AD49-2DCE786B9350}
		{9A36F44C-D524-4C2B-96CD-815AE8023C96} = {B5A19EAD-2441-4094-AD49-2DCE786B9350}
		{90B6EEB5-E7BB-4B1B-BE4F-A0A3B4125FEB} = {B5A19EAD-2441-4094-AD49-2DCE786B9350}
		{1B532616-2051-4FB5-B44C-BCCD0C6D776F} = {B5A19EAD-2441-4094-AD49-2DCE786B9350}
		{9FCEEA90-0B8F-4E78-8A9C-41FD08863F20} = {B5A19EAD-2441-4094-AD49-2DCE786B9350}
	EndGlobalSection
EndGlobal
